
Microsoft Visual Studio Solution File, Format Version 12.00
# Visual Studio 14
VisualStudioVersion = 14.0.25420.1
MinimumVisualStudioVersion = 10.0.40219.1
Project("{FAE04EC0-301F-11D3-BF4B-00C04F79EFBC}") = "UnitTesting.GettingStarted.Tests", "UnitTesting.GettingStarted.Tests\UnitTesting.GettingStarted.Tests.csproj", "{3FFCA19E-2388-41B2-97CC-C659DCA37FB7}"
EndProject
Project("{FAE04EC0-301F-11D3-BF4B-00C04F79EFBC}") = "UnitTesting.GettingStarted", "UnitTesting.GettingStarted\UnitTesting.GettingStarted.csproj", "{7505C431-25A1-40D2-862B-AFC5E6720639}"
EndProject
Global
	GlobalSection(SolutionConfigurationPlatforms) = preSolution
		Debug|Any CPU = Debug|Any CPU
		Release|Any CPU = Release|Any CPU
	EndGlobalSection
	GlobalSection(ProjectConfigurationPlatforms) = postSolution
		{3FFCA19E-2388-41B2-97CC-C659DCA37FB7}.Debug|Any CPU.ActiveCfg = Debug|Any CPU
		{3FFCA19E-2388-41B2-97CC-C659DCA37FB7}.Debug|Any CPU.Build.0 = Debug|Any CPU
		{3FFCA19E-2388-41B2-97CC-C659DCA37FB7}.Release|Any CPU.ActiveCfg = Release|Any CPU
		{3FFCA19E-2388-41B2-97CC-C659DCA37FB7}.Release|Any CPU.Build.0 = Release|Any CPU
		{7505C431-25A1-40D2-862B-AFC5E6720639}.Debug|Any CPU.ActiveCfg = Debug|Any CPU
		{7505C431-25A1-40D2-862B-AFC5E6720639}.Debug|Any CPU.Build.0 = Debug|Any CPU
		{7505C431-25A1-40D2-862B-AFC5E6720639}.Release|Any CPU.ActiveCfg = Release|Any CPU
		{7505C431-25A1-40D2-862B-AFC5E6720639}.Release|Any CPU.Build.0 = Release|Any CPU
	EndGlobalSection
	GlobalSection(SolutionProperties) = preSolution
		HideSolutionNode = FALSE
	EndGlobalSection
EndGlobal
